{"1.1.0",
[{<<"bson">>,
  {git,"https://github.com/comtihon/bson-erlang.git",
       {ref,"d5e5a954ab29d721cfab0dcf2906d247208bdd35"}},
  2},
 {<<"game">>,{path,"../game",{mtime,<<"2023-07-06T14:42:38Z">>}},0},
 {<<"game_proto">>,
  {path,"../game_proto",{mtime,<<"2023-07-03T09:49:55Z">>}},
  1},
 {<<"goldrush">>,{pkg,<<"goldrush">>,<<"0.1.9">>},3},
 {<<"lager">>,
  {git,"https://github.com/erlang-lager/lager.git",
       {ref,"8c32954cdb40791047f8f3fb4f77459af0ba573f"}},
  2},
 {<<"mgd4erl">>,
  {path,"D:/allen_github/yinye1024/mgd4erl",
        {mtime,<<"2023-06-28T14:40:54Z">>}},
  1},
 {<<"mochiweb">>,
  {git,"https://github.com/mochi/mochiweb.git",
       {ref,"bd0c848040b57513c824b58f1c0c5e6d3d045dea"}},
  2},
 {<<"network">>,
  {path,"D:/allen_github/yinye1024/network",
        {mtime,<<"2023-06-21T11:08:57Z">>}},
  1},
 {<<"pbkdf2">>,
  {git,"https://github.com/emqx/erlang-pbkdf2.git",
       {ref,"45d9981209ea07a83a58cf85aaf8236457da4342"}},
  2},
 {<<"poolboy">>,
  {git,"https://github.com/devinus/poolboy.git",
       {ref,"29be47db8c2be38b18c908e43a80ebb7b9b6116b"}},
  3},
 {<<"recon">>,
  {git,"https://github.com/ferd/recon.git",
       {ref,"9efec263d84d0435230f4d3312a4afb352b8f71c"}},
  1},
 {<<"yypb">>,
  {git,"https://github.com/yinye1024/pbwraper.git",
       {ref,"13f2caaa2f3d1a67fcb2a3d011f97f5e0d75644d"}},
  2},
 {<<"yyutils">>,
  {path,"D:/allen_github/yinye1024/yyutils",
        {mtime,<<"2023-07-06T14:29:21Z">>}},
  1}]}.
[
{pkg_hash,[
 {<<"goldrush">>, <<"F06E5D5F1277DA5C413E84D5A2924174182FB108DABB39D5EC548B27424CD106">>}]}
].
